
Microsoft Visual Studio Solution File, Format Version 12.00
# Visual Studio 15
VisualStudioVersion = 15.0.28307.421
MinimumVisualStudioVersion = 10.0.40219.1
Project("{FAE04EC0-301F-11D3-BF4B-00C04F79EFBC}") = "Media.HTTP2", "Media.HTTP2\Media.HTTP2.csproj", "{FC6E0651-B032-4C91-BE05-25A34749571D}"
EndProject
Global
	GlobalSection(SolutionConfigurationPlatforms) = preSolution
		Debug|Any CPU = Debug|Any CPU
		Release|Any CPU = Release|Any CPU
	EndGlobalSection
	GlobalSection(ProjectConfigurationPlatforms) = postSolution
		{FC6E0651-B032-4C91-BE05-25A34749571D}.Debug|Any CPU.ActiveCfg = Debug|Any CPU
		{FC6E0651-B032-4C91-BE05-25A34749571D}.Debug|Any CPU.Build.0 = Debug|Any CPU
		{FC6E0651-B032-4C91-BE05-25A34749571D}.Release|Any CPU.ActiveCfg = Release|Any CPU
		{FC6E0651-B032-4C91-BE05-25A34749571D}.Release|Any CPU.Build.0 = Release|Any CPU
	EndGlobalSection
	GlobalSection(SolutionProperties) = preSolution
		HideSolutionNode = FALSE
	EndGlobalSection
	GlobalSection(ExtensibilityGlobals) = postSolution
		SolutionGuid = {32F33F63-7970-4860-99C8-54D1E7E8E0CE}
	EndGlobalSection
EndGlobal
